<?xml version="1.0" encoding="utf-8"?>
<Project ToolsVersion="4.0" xmlns="http://schemas.microsoft.com/developer/msbuild/2003">
  <ItemGroup>
    <ClCompile Include="Main.cpp" />
    <ClCompile Include=".\SciDataParserGrid1.cpp">
      <Filter>MainState\Data Management\Parsers</Filter>
    </ClCompile>
    <ClCompile Include=".\SciDataParserCTD.cpp">
      <Filter>MainState\Data Management\Parsers</Filter>
    </ClCompile>
    <ClCompile Include=".\SciDataParserSimpleTXT.cpp">
      <Filter>MainState\Data Management\Parsers</Filter>
    </ClCompile>
    <ClCompile Include="CMainState.cpp">
      <Filter>MainState</Filter>
    </ClCompile>
    <ClCompile Include="CMainState.EventHandling.cpp">
      <Filter>MainState</Filter>
    </ClCompile>
    <ClCompile Include="CMainState.MouseTracking.cpp">
      <Filter>MainState</Filter>
    </ClCompile>
    <ClCompile Include="RBFInterpolator\RBFInterpolator.cpp">
      <Filter>MainState\RBFInterpolator</Filter>
    </ClCompile>
    <ClCompile Include="CMainMenuState.cpp">
      <Filter>MainMenuState</Filter>
    </ClCompile>
    <ClCompile Include="CProgramContext.cpp">
      <Filter>Program Context</Filter>
    </ClCompile>
    <ClCompile Include="SciDataParserCSV.cpp">
      <Filter>MainState\Data Management\Parsers</Filter>
    </ClCompile>
    <ClCompile Include="CDataLoadingThread.cpp">
      <Filter>MainMenuState</Filter>
    </ClCompile>
    <ClCompile Include="CLoadState.cpp">
      <Filter>LoadState</Filter>
    </ClCompile>
    <ClCompile Include="CPlaneGridSceneObject.cpp">
      <Filter>MainState\Misc</Filter>
    </ClCompile>
    <ClCompile Include="SciDataParserPieSlices.cpp">
      <Filter>MainState\Data Management\Parsers</Filter>
    </ClCompile>
    <ClCompile Include="CGUIContext.cpp">
      <Filter>Program Context\GUI</Filter>
    </ClCompile>
    <ClCompile Include="CGUIContextWidget.cpp">
      <Filter>Program Context\GUI</Filter>
    </ClCompile>
    <ClCompile Include="SciDataParserMergedCSV.cpp">
      <Filter>MainState\Data Management\Parsers</Filter>
    </ClCompile>
    <ClCompile Include="SciDataParserSmartTether.cpp">
      <Filter>MainState\Data Management\Parsers</Filter>
    </ClCompile>
    <ClCompile Include="SciDataParser.cpp">
      <Filter>MainState\Data Management\Parsers</Filter>
    </ClCompile>
    <ClCompile Include="CDataSet.cpp">
      <Filter>MainState\Data Management</Filter>
    </ClCompile>
    <ClCompile Include="CSite.cpp">
      <Filter>MainState\Data Management</Filter>
    </ClCompile>
    <ClCompile Include="GifWriter.cpp">
      <Filter>Utilities</Filter>
    </ClCompile>
    <ClCompile Include="CTerrainNodeManager.cpp">
      <Filter>MainState\Terrain</Filter>
    </ClCompile>
    <ClCompile Include="CVolumeNodeManager.cpp">
      <Filter>MainState\Volume</Filter>
    </ClCompile>
    <ClCompile Include="CGUIControlPanelWidget.cpp">
      <Filter>MainState\GUI</Filter>
    </ClCompile>
    <ClCompile Include="CGUISceneControlWidget.cpp">
      <Filter>MainState\GUI</Filter>
    </ClCompile>
    <ClCompile Include="CGUITitleLabelsWidget.cpp">
      <Filter>MainState\GUI</Filter>
    </ClCompile>
    <ClCompile Include="CGUIMainMenuWidget.cpp">
      <Filter>MainMenuState\GUI</Filter>
    </ClCompile>
    <ClCompile Include="CGUIVolumeControlWidget.cpp">
      <Filter>MainState\Volume</Filter>
    </ClCompile>
    <ClCompile Include="CGUITerrainControlWidget.cpp">
      <Filter>MainState\Terrain</Filter>
    </ClCompile>
    <ClCompile Include="CGUIGlyphControlWidget.cpp">
      <Filter>MainState\Glyphs</Filter>
    </ClCompile>
    <ClCompile Include="CGUISiteWidget.cpp">
      <Filter>MainMenuState\GUI</Filter>
    </ClCompile>
    <ClCompile Include="CLocation.cpp">
      <Filter>MainState\Data Management</Filter>
    </ClCompile>
    <ClCompile Include="CGlyphNodeManager.cpp">
      <Filter>MainState\Glyphs</Filter>
    </ClCompile>
    <ClCompile Include="PolyRegress.cpp">
      <Filter>MainState\Util</Filter>
    </ClCompile>
    <ClCompile Include="InvDistWeight.cpp">
      <Filter>MainState\Util</Filter>
    </ClCompile>
    <ClCompile Include="newmat\bandmat.cpp">
      <Filter>External\NewMat</Filter>
    </ClCompile>
    <ClCompile Include="newmat\cholesky.cpp">
      <Filter>External\NewMat</Filter>
    </ClCompile>
    <ClCompile Include="newmat\evalue.cpp">
      <Filter>External\NewMat</Filter>
    </ClCompile>
    <ClCompile Include="newmat\fft.cpp">
      <Filter>External\NewMat</Filter>
    </ClCompile>
    <ClCompile Include="newmat\hholder.cpp">
      <Filter>External\NewMat</Filter>
    </ClCompile>
    <ClCompile Include="newmat\jacobi.cpp">
      <Filter>External\NewMat</Filter>
    </ClCompile>
    <ClCompile Include="newmat\myexcept.cpp">
      <Filter>External\NewMat</Filter>
    </ClCompile>
    <ClCompile Include="newmat\newfft.cpp">
      <Filter>External\NewMat</Filter>
    </ClCompile>
    <ClCompile Include="newmat\newmat1.cpp">
      <Filter>External\NewMat</Filter>
    </ClCompile>
    <ClCompile Include="newmat\newmat2.cpp">
      <Filter>External\NewMat</Filter>
    </ClCompile>
    <ClCompile Include="newmat\newmat3.cpp">
      <Filter>External\NewMat</Filter>
    </ClCompile>
    <ClCompile Include="newmat\newmat4.cpp">
      <Filter>External\NewMat</Filter>
    </ClCompile>
    <ClCompile Include="newmat\newmat5.cpp">
      <Filter>External\NewMat</Filter>
    </ClCompile>
    <ClCompile Include="newmat\newmat6.cpp">
      <Filter>External\NewMat</Filter>
    </ClCompile>
    <ClCompile Include="newmat\newmat7.cpp">
      <Filter>External\NewMat</Filter>
    </ClCompile>
    <ClCompile Include="newmat\newmat8.cpp">
      <Filter>External\NewMat</Filter>
    </ClCompile>
    <ClCompile Include="newmat\newmat9.cpp">
      <Filter>External\NewMat</Filter>
    </ClCompile>
    <ClCompile Include="newmat\newmatex.cpp">
      <Filter>External\NewMat</Filter>
    </ClCompile>
    <ClCompile Include="newmat\newmatnl.cpp">
      <Filter>External\NewMat</Filter>
    </ClCompile>
    <ClCompile Include="newmat\newmatrm.cpp">
      <Filter>External\NewMat</Filter>
    </ClCompile>
    <ClCompile Include="newmat\solution.cpp">
      <Filter>External\NewMat</Filter>
    </ClCompile>
    <ClCompile Include="newmat\sort.cpp">
      <Filter>External\NewMat</Filter>
    </ClCompile>
    <ClCompile Include="newmat\submat.cpp">
      <Filter>External\NewMat</Filter>
    </ClCompile>
    <ClCompile Include="newmat\svd.cpp">
      <Filter>External\NewMat</Filter>
    </ClCompile>
    <ClCompile Include="CGUISharkControlWidget.cpp">
      <Filter>MainState\Shark</Filter>
    </ClCompile>
    <ClCompile Include="CSharkNodeManager.cpp">
      <Filter>MainState\Shark</Filter>
    </ClCompile>
    <ClCompile Include="CSplineNodeManager.cpp">
      <Filter>MainState\Spline</Filter>
    </ClCompile>
    <ClCompile Include="EXEreader.cpp">
      <Filter>MainState\Data Management\Parsers</Filter>
    </ClCompile>
    <ClCompile Include="CWorldTime.cpp">
      <Filter>MainState\Misc</Filter>
    </ClCompile>
    <ClCompile Include="HorizontalSliderTooltip.cpp">
      <Filter>MainState\GUI</Filter>
    </ClCompile>
  </ItemGroup>
  <ItemGroup>
    <ClInclude Include="CMainState.h">
      <Filter>MainState</Filter>
    </ClInclude>
    <ClInclude Include="CRGBIntensityColorMapper.h">
      <Filter>MainState\Data Management\Color Mapping</Filter>
    </ClInclude>
    <ClInclude Include="ColorMappers.h">
      <Filter>MainState\Data Management\Color Mapping</Filter>
    </ClInclude>
    <ClInclude Include=".\CSingleFieldColorMapper.h">
      <Filter>MainState\Data Management\Color Mapping</Filter>
    </ClInclude>
    <ClInclude Include="CSpectrumColorMapper.h">
      <Filter>MainState\Data Management\Color Mapping</Filter>
    </ClInclude>
    <ClInclude Include="RBFInterpolator\RBFInterpolator.h">
      <Filter>MainState\RBFInterpolator</Filter>
    </ClInclude>
    <ClInclude Include="CMainMenuState.h">
      <Filter>MainMenuState</Filter>
    </ClInclude>
    <ClInclude Include="CProgramContext.h">
      <Filter>Program Context</Filter>
    </ClInclude>
    <ClInclude Include="ContourConverter.h">
      <Filter>Utilities</Filter>
    </ClInclude>
    <ClInclude Include="COxygenColorMapper.h">
      <Filter>MainState\Data Management\Color Mapping</Filter>
    </ClInclude>
    <ClInclude Include="CDataLoadingThread.h">
      <Filter>MainMenuState</Filter>
    </ClInclude>
    <ClInclude Include="CLoadState.h">
      <Filter>LoadState</Filter>
    </ClInclude>
    <ClInclude Include="SciDataParser.h">
      <Filter>MainState\Data Management\Parsers</Filter>
    </ClInclude>
    <ClInclude Include="CPlaneGridSceneObject.h">
      <Filter>MainState\Misc</Filter>
    </ClInclude>
    <ClInclude Include="CGUIContext.h">
      <Filter>Program Context\GUI</Filter>
    </ClInclude>
    <ClInclude Include="CGUIContextWidget.h">
      <Filter>Program Context\GUI</Filter>
    </ClInclude>
    <ClInclude Include="BathymetyGenerator.h">
      <Filter>Utilities</Filter>
    </ClInclude>
    <ClInclude Include="CSite.h">
      <Filter>MainState\Data Management</Filter>
    </ClInclude>
    <ClInclude Include="CDataSet.h">
      <Filter>MainState\Data Management</Filter>
    </ClInclude>
    <ClInclude Include="GifWriter.h">
      <Filter>Utilities</Filter>
    </ClInclude>
    <ClInclude Include="CContextState.h">
      <Filter>Utilities</Filter>
    </ClInclude>
    <ClInclude Include="CTerrainNodeManager.h">
      <Filter>MainState\Terrain</Filter>
    </ClInclude>
    <ClInclude Include="CVolumeNodeManager.h">
      <Filter>MainState\Volume</Filter>
    </ClInclude>
    <ClInclude Include="CGUIControlPanelWidget.h">
      <Filter>MainState\GUI</Filter>
    </ClInclude>
    <ClInclude Include="CGUISceneControlWidget.h">
      <Filter>MainState\GUI</Filter>
    </ClInclude>
    <ClInclude Include="CGUITitleLabelsWidget.h">
      <Filter>MainState\GUI</Filter>
    </ClInclude>
    <ClInclude Include="CGUIMainMenuWidget.h">
      <Filter>MainMenuState\GUI</Filter>
    </ClInclude>
    <ClInclude Include="CGUIVolumeControlWidget.h">
      <Filter>MainState\Volume</Filter>
    </ClInclude>
    <ClInclude Include="CGUITerrainControlWidget.h">
      <Filter>MainState\Terrain</Filter>
    </ClInclude>
    <ClInclude Include="CGUIGlyphControlWidget.h">
      <Filter>MainState\Glyphs</Filter>
    </ClInclude>
    <ClInclude Include="CGUISiteWidget.h">
      <Filter>MainMenuState\GUI</Filter>
    </ClInclude>
    <ClInclude Include="CLocation.h">
      <Filter>MainState\Data Management</Filter>
    </ClInclude>
    <ClInclude Include="CGlyphNodeManager.h">
      <Filter>MainState\Glyphs</Filter>
    </ClInclude>
    <ClInclude Include="PolyRegress.h">
      <Filter>MainState\Util</Filter>
    </ClInclude>
    <ClInclude Include="InvDistWeight.h">
      <Filter>MainState\Util</Filter>
    </ClInclude>
    <ClInclude Include="newmat\boolean.h">
      <Filter>External\NewMat</Filter>
    </ClInclude>
    <ClInclude Include="newmat\controlw.h">
      <Filter>External\NewMat</Filter>
    </ClInclude>
    <ClInclude Include="newmat\include.h">
      <Filter>External\NewMat</Filter>
    </ClInclude>
    <ClInclude Include="newmat\myexcept.h">
      <Filter>External\NewMat</Filter>
    </ClInclude>
    <ClInclude Include="newmat\newmat.h">
      <Filter>External\NewMat</Filter>
    </ClInclude>
    <ClInclude Include="newmat\newmatap.h">
      <Filter>External\NewMat</Filter>
    </ClInclude>
    <ClInclude Include="newmat\newmatio.h">
      <Filter>External\NewMat</Filter>
    </ClInclude>
    <ClInclude Include="newmat\newmatnl.h">
      <Filter>External\NewMat</Filter>
    </ClInclude>
    <ClInclude Include="newmat\newmatrc.h">
      <Filter>External\NewMat</Filter>
    </ClInclude>
    <ClInclude Include="newmat\newmatrm.h">
      <Filter>External\NewMat</Filter>
    </ClInclude>
    <ClInclude Include="newmat\precisio.h">
      <Filter>External\NewMat</Filter>
    </ClInclude>
    <ClInclude Include="newmat\solution.h">
      <Filter>External\NewMat</Filter>
    </ClInclude>
    <ClInclude Include="rapidjson\allocators.h">
      <Filter>External\RapidJSON</Filter>
    </ClInclude>
    <ClInclude Include="rapidjson\document.h">
      <Filter>External\RapidJSON</Filter>
    </ClInclude>
    <ClInclude Include="rapidjson\encodedstream.h">
      <Filter>External\RapidJSON</Filter>
    </ClInclude>
    <ClInclude Include="rapidjson\encodings.h">
      <Filter>External\RapidJSON</Filter>
    </ClInclude>
    <ClInclude Include="rapidjson\filereadstream.h">
      <Filter>External\RapidJSON</Filter>
    </ClInclude>
    <ClInclude Include="rapidjson\filewritestream.h">
      <Filter>External\RapidJSON</Filter>
    </ClInclude>
    <ClInclude Include="rapidjson\memorybuffer.h">
      <Filter>External\RapidJSON</Filter>
    </ClInclude>
    <ClInclude Include="rapidjson\memorystream.h">
      <Filter>External\RapidJSON</Filter>
    </ClInclude>
    <ClInclude Include="rapidjson\pointer.h">
      <Filter>External\RapidJSON</Filter>
    </ClInclude>
    <ClInclude Include="rapidjson\prettywriter.h">
      <Filter>External\RapidJSON</Filter>
    </ClInclude>
    <ClInclude Include="rapidjson\rapidjson.h">
      <Filter>External\RapidJSON</Filter>
    </ClInclude>
    <ClInclude Include="rapidjson\reader.h">
      <Filter>External\RapidJSON</Filter>
    </ClInclude>
    <ClInclude Include="rapidjson\stringbuffer.h">
      <Filter>External\RapidJSON</Filter>
    </ClInclude>
    <ClInclude Include="rapidjson\writer.h">
      <Filter>External\RapidJSON</Filter>
    </ClInclude>
    <ClInclude Include="rapidjson\error\en.h">
      <Filter>External\RapidJSON\error</Filter>
    </ClInclude>
    <ClInclude Include="rapidjson\error\error.h">
      <Filter>External\RapidJSON\error</Filter>
    </ClInclude>
    <ClInclude Include="rapidjson\internal\biginteger.h">
      <Filter>External\RapidJSON\internal</Filter>
    </ClInclude>
    <ClInclude Include="rapidjson\internal\diyfp.h">
      <Filter>External\RapidJSON\internal</Filter>
    </ClInclude>
    <ClInclude Include="rapidjson\internal\dtoa.h">
      <Filter>External\RapidJSON\internal</Filter>
    </ClInclude>
    <ClInclude Include="rapidjson\internal\ieee754.h">
      <Filter>External\RapidJSON\internal</Filter>
    </ClInclude>
    <ClInclude Include="rapidjson\internal\itoa.h">
      <Filter>External\RapidJSON\internal</Filter>
    </ClInclude>
    <ClInclude Include="rapidjson\internal\meta.h">
      <Filter>External\RapidJSON\internal</Filter>
    </ClInclude>
    <ClInclude Include="rapidjson\internal\pow10.h">
      <Filter>External\RapidJSON\internal</Filter>
    </ClInclude>
    <ClInclude Include="rapidjson\internal\stack.h">
      <Filter>External\RapidJSON\internal</Filter>
    </ClInclude>
    <ClInclude Include="rapidjson\internal\strfunc.h">
      <Filter>External\RapidJSON\internal</Filter>
    </ClInclude>
    <ClInclude Include="rapidjson\internal\strtod.h">
      <Filter>External\RapidJSON\internal</Filter>
    </ClInclude>
    <ClInclude Include="rapidjson\msinttypes\inttypes.h">
      <Filter>External\RapidJSON\msinttypes</Filter>
    </ClInclude>
    <ClInclude Include="rapidjson\msinttypes\stdint.h">
      <Filter>External\RapidJSON\msinttypes</Filter>
    </ClInclude>
    <ClInclude Include="CGUISharkControlWidget.h">
      <Filter>MainState\Shark</Filter>
    </ClInclude>
    <ClInclude Include="CSharkNodeManager.h">
      <Filter>MainState\Shark</Filter>
    </ClInclude>
    <ClInclude Include="CSplineNodeManager.h">
      <Filter>MainState\Spline</Filter>
    </ClInclude>
    <ClInclude Include="EXEreader.h">
      <Filter>MainState\Data Management\Parsers</Filter>
    </ClInclude>
    <ClInclude Include="CWorldTime.h">
      <Filter>MainState\Misc</Filter>
    </ClInclude>
    <ClInclude Include="HorizontalSliderTooltip.h">
      <Filter>MainState\GUI</Filter>
    </ClInclude>
    <ClInclude Include="Interp.h">
      <Filter>MainState\Util</Filter>
    </ClInclude>
  </ItemGroup>
  <ItemGroup>
    <Filter Include="MainState">
      <UniqueIdentifier>{06d12b70-0519-4c87-922b-bfa1f96bac06}</UniqueIdentifier>
    </Filter>
    <Filter Include="Utilities">
      <UniqueIdentifier>{c5fafe06-1efa-415a-bd3a-d59efafe3cac}</UniqueIdentifier>
    </Filter>
    <Filter Include="MainState\Terrain">
      <UniqueIdentifier>{a4f68102-11cd-4453-81b7-0a605414752b}</UniqueIdentifier>
    </Filter>
    <Filter Include="MainState\Volume">
      <UniqueIdentifier>{33cba1aa-9e33-457c-912a-78dab6c782db}</UniqueIdentifier>
    </Filter>
    <Filter Include="MainState\Data Management">
      <UniqueIdentifier>{015f304c-d126-40d8-8034-ca7d06cd4ff3}</UniqueIdentifier>
    </Filter>
    <Filter Include="MainState\Data Management\Parsers">
      <UniqueIdentifier>{39c602da-763b-40fc-9eeb-1fd7df570632}</UniqueIdentifier>
    </Filter>
    <Filter Include="MainState\Data Management\Color Mapping">
      <UniqueIdentifier>{85018b9c-10cf-4a50-81b5-fdae04b04d76}</UniqueIdentifier>
    </Filter>
    <Filter Include="MainState\RBFInterpolator">
      <UniqueIdentifier>{b020b00f-9710-43b6-a8a2-ea0d2483664b}</UniqueIdentifier>
    </Filter>
    <Filter Include="MainMenuState">
      <UniqueIdentifier>{ab5d3775-8246-4053-8366-bb5e9bb50420}</UniqueIdentifier>
    </Filter>
    <Filter Include="Program Context">
      <UniqueIdentifier>{621c01a1-e404-419c-9931-35d3cd1bc3fa}</UniqueIdentifier>
    </Filter>
    <Filter Include="LoadState">
      <UniqueIdentifier>{00619c69-b650-43a9-8d5f-0f1ceedc408e}</UniqueIdentifier>
    </Filter>
    <Filter Include="MainState\Glyphs">
      <UniqueIdentifier>{4cc29f91-8652-44ca-9c0d-899dda15b4a7}</UniqueIdentifier>
    </Filter>
    <Filter Include="MainState\Misc">
      <UniqueIdentifier>{1b24f862-be43-46c5-b48e-88de64b4c1c5}</UniqueIdentifier>
    </Filter>
    <Filter Include="Program Context\GUI">
      <UniqueIdentifier>{69559bbe-9f50-47e8-809c-55d622e1b426}</UniqueIdentifier>
    </Filter>
    <Filter Include="MainState\GUI">
      <UniqueIdentifier>{8d37c36b-409f-4687-b8ec-c149f261876d}</UniqueIdentifier>
    </Filter>
    <Filter Include="MainMenuState\GUI">
      <UniqueIdentifier>{9ca08e71-6ecd-42e6-bac3-564d365dbc93}</UniqueIdentifier>
    </Filter>
    <Filter Include="MainState\Util">
      <UniqueIdentifier>{21fc6297-c2ee-42c4-ae60-cd05655a256e}</UniqueIdentifier>
    </Filter>
    <Filter Include="External">
      <UniqueIdentifier>{7f5f07fc-1f7a-4b56-9562-b0f5c0d673f5}</UniqueIdentifier>
    </Filter>
    <Filter Include="External\NewMat">
      <UniqueIdentifier>{201abec7-792d-45e6-9122-4107b43f110c}</UniqueIdentifier>
    </Filter>
    <Filter Include="External\RapidJSON">
      <UniqueIdentifier>{ab127b17-5ac6-4c68-8b2e-8a0586866245}</UniqueIdentifier>
    </Filter>
    <Filter Include="External\RapidJSON\error">
      <UniqueIdentifier>{66c9b823-1b47-4b25-ad26-872bd3a030f5}</UniqueIdentifier>
    </Filter>
    <Filter Include="External\RapidJSON\internal">
      <UniqueIdentifier>{d2a867b5-a85a-44bd-ba63-25ef891604f9}</UniqueIdentifier>
    </Filter>
    <Filter Include="External\RapidJSON\msinttypes">
      <UniqueIdentifier>{dc4c26dd-0a35-4715-b70d-a0bc80ba34d0}</UniqueIdentifier>
    </Filter>
    <Filter Include="MainState\Shark">
      <UniqueIdentifier>{2991fa8b-4bc2-478d-82f1-a4fce45f457d}</UniqueIdentifier>
    </Filter>
    <Filter Include="MainState\Spline">
      <UniqueIdentifier>{0cb1b1d7-c638-4590-9d2f-52a07f3f6b90}</UniqueIdentifier>
    </Filter>
  </ItemGroup>
</Project>