<?xml version="1.0" encoding="utf-8"?>
<Project ToolsVersion="4.0" xmlns="http://schemas.microsoft.com/developer/msbuild/2003">
  <ItemGroup>
    <Filter Include="Source Files">
      <UniqueIdentifier>{4FC737F1-C7A5-4376-A066-2A32D752A2FF}</UniqueIdentifier>
      <Extensions>cpp;c;cc;cxx;def;odl;idl;hpj;bat;asm;asmx</Extensions>
    </Filter>
    <Filter Include="Header Files">
      <UniqueIdentifier>{93995380-89BD-4b04-88EB-625FBE52EBFB}</UniqueIdentifier>
      <Extensions>h;hh;hpp;hxx;hm;inl;inc;xsd</Extensions>
    </Filter>
  </ItemGroup>
  <ItemGroup>
    <ClCompile Include="..\Aqueous\newmat\bandmat.cpp">
      <Filter>Source Files</Filter>
    </ClCompile>
    <ClCompile Include="..\Aqueous\newmat\cholesky.cpp">
      <Filter>Source Files</Filter>
    </ClCompile>
    <ClCompile Include="..\Aqueous\newmat\evalue.cpp">
      <Filter>Source Files</Filter>
    </ClCompile>
    <ClCompile Include="..\Aqueous\newmat\fft.cpp">
      <Filter>Source Files</Filter>
    </ClCompile>
    <ClCompile Include="..\Aqueous\newmat\hholder.cpp">
      <Filter>Source Files</Filter>
    </ClCompile>
    <ClCompile Include="..\Aqueous\newmat\jacobi.cpp">
      <Filter>Source Files</Filter>
    </ClCompile>
    <ClCompile Include="..\Aqueous\newmat\myexcept.cpp">
      <Filter>Source Files</Filter>
    </ClCompile>
    <ClCompile Include="..\Aqueous\newmat\newfft.cpp">
      <Filter>Source Files</Filter>
    </ClCompile>
    <ClCompile Include="..\Aqueous\newmat\newmat1.cpp">
      <Filter>Source Files</Filter>
    </ClCompile>
    <ClCompile Include="..\Aqueous\newmat\newmat2.cpp">
      <Filter>Source Files</Filter>
    </ClCompile>
    <ClCompile Include="..\Aqueous\newmat\newmat3.cpp">
      <Filter>Source Files</Filter>
    </ClCompile>
    <ClCompile Include="..\Aqueous\newmat\newmat4.cpp">
      <Filter>Source Files</Filter>
    </ClCompile>
    <ClCompile Include="..\Aqueous\newmat\newmat5.cpp">
      <Filter>Source Files</Filter>
    </ClCompile>
    <ClCompile Include="..\Aqueous\newmat\newmat6.cpp">
      <Filter>Source Files</Filter>
    </ClCompile>
    <ClCompile Include="..\Aqueous\newmat\newmat7.cpp">
      <Filter>Source Files</Filter>
    </ClCompile>
    <ClCompile Include="..\Aqueous\newmat\newmat8.cpp">
      <Filter>Source Files</Filter>
    </ClCompile>
    <ClCompile Include="..\Aqueous\newmat\newmat9.cpp">
      <Filter>Source Files</Filter>
    </ClCompile>
    <ClCompile Include="..\Aqueous\newmat\newmatex.cpp">
      <Filter>Source Files</Filter>
    </ClCompile>
    <ClCompile Include="..\Aqueous\newmat\newmatnl.cpp">
      <Filter>Source Files</Filter>
    </ClCompile>
    <ClCompile Include="..\Aqueous\newmat\newmatrm.cpp">
      <Filter>Source Files</Filter>
    </ClCompile>
    <ClCompile Include="..\Aqueous\newmat\solution.cpp">
      <Filter>Source Files</Filter>
    </ClCompile>
    <ClCompile Include="..\Aqueous\newmat\sort.cpp">
      <Filter>Source Files</Filter>
    </ClCompile>
    <ClCompile Include="..\Aqueous\newmat\submat.cpp">
      <Filter>Source Files</Filter>
    </ClCompile>
    <ClCompile Include="..\Aqueous\newmat\svd.cpp">
      <Filter>Source Files</Filter>
    </ClCompile>
  </ItemGroup>
  <ItemGroup>
    <ClInclude Include="..\Aqueous\newmat\boolean.h">
      <Filter>Header Files</Filter>
    </ClInclude>
    <ClInclude Include="..\Aqueous\newmat\controlw.h">
      <Filter>Header Files</Filter>
    </ClInclude>
    <ClInclude Include="..\Aqueous\newmat\include.h">
      <Filter>Header Files</Filter>
    </ClInclude>
    <ClInclude Include="..\Aqueous\newmat\myexcept.h">
      <Filter>Header Files</Filter>
    </ClInclude>
    <ClInclude Include="..\Aqueous\newmat\newmat.h">
      <Filter>Header Files</Filter>
    </ClInclude>
    <ClInclude Include="..\Aqueous\newmat\newmatap.h">
      <Filter>Header Files</Filter>
    </ClInclude>
    <ClInclude Include="..\Aqueous\newmat\newmatio.h">
      <Filter>Header Files</Filter>
    </ClInclude>
    <ClInclude Include="..\Aqueous\newmat\newmatnl.h">
      <Filter>Header Files</Filter>
    </ClInclude>
    <ClInclude Include="..\Aqueous\newmat\newmatrc.h">
      <Filter>Header Files</Filter>
    </ClInclude>
    <ClInclude Include="..\Aqueous\newmat\newmatrm.h">
      <Filter>Header Files</Filter>
    </ClInclude>
    <ClInclude Include="..\Aqueous\newmat\precisio.h">
      <Filter>Header Files</Filter>
    </ClInclude>
    <ClInclude Include="..\Aqueous\newmat\solution.h">
      <Filter>Header Files</Filter>
    </ClInclude>
  </ItemGroup>
</Project>